
Microsoft Visual Studio Solution File, Format Version 12.00
# Visual Studio Version 17
VisualStudioVersion = 17.4.33103.184
MinimumVisualStudioVersion = 10.0.40219.1
Project("{FAE04EC0-301F-11D3-BF4B-00C04F79EFBC}") = "WebApplication_P2", "WebApplication_P2.csproj", "{88BE55BB-27BF-4EF0-9B1C-9457E7099854}"
EndProject
Global
	GlobalSection(SolutionConfigurationPlatforms) = preSolution
		Debug|Any CPU = Debug|Any CPU
		Release|Any CPU = Release|Any CPU
	EndGlobalSection
	GlobalSection(ProjectConfigurationPlatforms) = postSolution
		{88BE55BB-27BF-4EF0-9B1C-9457E7099854}.Debug|Any CPU.ActiveCfg = Debug|Any CPU
		{88BE55BB-27BF-4EF0-9B1C-9457E7099854}.Debug|Any CPU.Build.0 = Debug|Any CPU
		{88BE55BB-27BF-4EF0-9B1C-9457E7099854}.Release|Any CPU.ActiveCfg = Release|Any CPU
		{88BE55BB-27BF-4EF0-9B1C-9457E7099854}.Release|Any CPU.Build.0 = Release|Any CPU
	EndGlobalSection
	GlobalSection(SolutionProperties) = preSolution
		HideSolutionNode = FALSE
	EndGlobalSection
	GlobalSection(ExtensibilityGlobals) = postSolution
		SolutionGuid = {5ED88886-F4F5-48CF-B56C-F1D23D1D80E3}
	EndGlobalSection
EndGlobal
